
Microsoft Visual Studio Solution File, Format Version 12.00
# Visual Studio Version 17
VisualStudioVersion = 17.5.33530.505
MinimumVisualStudioVersion = 10.0.40219.1
Project("{9A19103F-16F7-4668-BE54-9A1E7A4F7556}") = "SuperShop", "SuperShop\SuperShop.csproj", "{0CBCAA39-EF6A-4C97-A3A0-F0E409A5961B}"
EndProject
Project("{FAE04EC0-301F-11D3-BF4B-00C04F79EFBC}") = "SuperShop.Prism", "SuperShop.Prism\SuperShop.Prism\SuperShop.Prism.csproj", "{54AA5BC5-74B3-41B4-A049-0CEE0AAF5C78}"
EndProject
Project("{FAE04EC0-301F-11D3-BF4B-00C04F79EFBC}") = "SuperShop.Prism.Android", "SuperShop.Prism\SuperShop.Prism.Android\SuperShop.Prism.Android.csproj", "{06F85430-E200-4A79-ABD2-10C67F6B8E3A}"
EndProject
Project("{FAE04EC0-301F-11D3-BF4B-00C04F79EFBC}") = "SuperShop.Prism.iOS", "SuperShop.Prism\SuperShop.Prism.iOS\SuperShop.Prism.iOS.csproj", "{A0B12D63-16FB-4E09-B830-DE9C19D07834}"
EndProject
Global
	GlobalSection(SolutionConfigurationPlatforms) = preSolution
		Ad-Hoc|Any CPU = Ad-Hoc|Any CPU
		Ad-Hoc|iPhone = Ad-Hoc|iPhone
		Ad-Hoc|iPhoneSimulator = Ad-Hoc|iPhoneSimulator
		AppStore|Any CPU = AppStore|Any CPU
		AppStore|iPhone = AppStore|iPhone
		AppStore|iPhoneSimulator = AppStore|iPhoneSimulator
		Debug|Any CPU = Debug|Any CPU
		Debug|iPhone = Debug|iPhone
		Debug|iPhoneSimulator = Debug|iPhoneSimulator
		Release|Any CPU = Release|Any CPU
		Release|iPhone = Release|iPhone
		Release|iPhoneSimulator = Release|iPhoneSimulator
	EndGlobalSection
	GlobalSection(ProjectConfigurationPlatforms) = postSolution
		{0CBCAA39-EF6A-4C97-A3A0-F0E409A5961B}.Ad-Hoc|Any CPU.ActiveCfg = Release|Any CPU
		{0CBCAA39-EF6A-4C97-A3A0-F0E409A5961B}.Ad-Hoc|Any CPU.Build.0 = Release|Any CPU
		{0CBCAA39-EF6A-4C97-A3A0-F0E409A5961B}.Ad-Hoc|iPhone.ActiveCfg = Release|Any CPU
		{0CBCAA39-EF6A-4C97-A3A0-F0E409A5961B}.Ad-Hoc|iPhone.Build.0 = Release|Any CPU
		{0CBCAA39-EF6A-4C97-A3A0-F0E409A5961B}.Ad-Hoc|iPhoneSimulator.ActiveCfg = Release|Any CPU
		{0CBCAA39-EF6A-4C97-A3A0-F0E409A5961B}.Ad-Hoc|iPhoneSimulator.Build.0 = Release|Any CPU
		{0CBCAA39-EF6A-4C97-A3A0-F0E409A5961B}.AppStore|Any CPU.ActiveCfg = Release|Any CPU
		{0CBCAA39-EF6A-4C97-A3A0-F0E409A5961B}.AppStore|Any CPU.Build.0 = Release|Any CPU
		{0CBCAA39-EF6A-4C97-A3A0-F0E409A5961B}.AppStore|iPhone.ActiveCfg = Release|Any CPU
		{0CBCAA39-EF6A-4C97-A3A0-F0E409A5961B}.AppStore|iPhone.Build.0 = Release|Any CPU
		{0CBCAA39-EF6A-4C97-A3A0-F0E409A5961B}.AppStore|iPhoneSimulator.ActiveCfg = Release|Any CPU
		{0CBCAA39-EF6A-4C97-A3A0-F0E409A5961B}.AppStore|iPhoneSimulator.Build.0 = Release|Any CPU
		{0CBCAA39-EF6A-4C97-A3A0-F0E409A5961B}.Debug|Any CPU.ActiveCfg = Debug|Any CPU
		{0CBCAA39-EF6A-4C97-A3A0-F0E409A5961B}.Debug|Any CPU.Build.0 = Debug|Any CPU
		{0CBCAA39-EF6A-4C97-A3A0-F0E409A5961B}.Debug|iPhone.ActiveCfg = Debug|Any CPU
		{0CBCAA39-EF6A-4C97-A3A0-F0E409A5961B}.Debug|iPhone.Build.0 = Debug|Any CPU
		{0CBCAA39-EF6A-4C97-A3A0-F0E409A5961B}.Debug|iPhoneSimulator.ActiveCfg = Debug|Any CPU
		{0CBCAA39-EF6A-4C97-A3A0-F0E409A5961B}.Debug|iPhoneSimulator.Build.0 = Debug|Any CPU
		{0CBCAA39-EF6A-4C97-A3A0-F0E409A5961B}.Release|Any CPU.ActiveCfg = Release|Any CPU
		{0CBCAA39-EF6A-4C97-A3A0-F0E409A5961B}.Release|Any CPU.Build.0 = Release|Any CPU
		{0CBCAA39-EF6A-4C97-A3A0-F0E409A5961B}.Release|iPhone.ActiveCfg = Release|Any CPU
		{0CBCAA39-EF6A-4C97-A3A0-F0E409A5961B}.Release|iPhone.Build.0 = Release|Any CPU
		{0CBCAA39-EF6A-4C97-A3A0-F0E409A5961B}.Release|iPhoneSimulator.ActiveCfg = Release|Any CPU
		{0CBCAA39-EF6A-4C97-A3A0-F0E409A5961B}.Release|iPhoneSimulator.Build.0 = Release|Any CPU
		{54AA5BC5-74B3-41B4-A049-0CEE0AAF5C78}.Ad-Hoc|Any CPU.ActiveCfg = Debug|Any CPU
		{54AA5BC5-74B3-41B4-A049-0CEE0AAF5C78}.Ad-Hoc|Any CPU.Build.0 = Debug|Any CPU
		{54AA5BC5-74B3-41B4-A049-0CEE0AAF5C78}.Ad-Hoc|iPhone.ActiveCfg = Debug|Any CPU
		{54AA5BC5-74B3-41B4-A049-0CEE0AAF5C78}.Ad-Hoc|iPhone.Build.0 = Debug|Any CPU
		{54AA5BC5-74B3-41B4-A049-0CEE0AAF5C78}.Ad-Hoc|iPhoneSimulator.ActiveCfg = Debug|Any CPU
		{54AA5BC5-74B3-41B4-A049-0CEE0AAF5C78}.Ad-Hoc|iPhoneSimulator.Build.0 = Debug|Any CPU
		{54AA5BC5-74B3-41B4-A049-0CEE0AAF5C78}.AppStore|Any CPU.ActiveCfg = Debug|Any CPU
		{54AA5BC5-74B3-41B4-A049-0CEE0AAF5C78}.AppStore|Any CPU.Build.0 = Debug|Any CPU
		{54AA5BC5-74B3-41B4-A049-0CEE0AAF5C78}.AppStore|iPhone.ActiveCfg = Debug|Any CPU
		{54AA5BC5-74B3-41B4-A049-0CEE0AAF5C78}.AppStore|iPhone.Build.0 = Debug|Any CPU
		{54AA5BC5-74B3-41B4-A049-0CEE0AAF5C78}.AppStore|iPhoneSimulator.ActiveCfg = Debug|Any CPU
		{54AA5BC5-74B3-41B4-A049-0CEE0AAF5C78}.AppStore|iPhoneSimulator.Build.0 = Debug|Any CPU
		{54AA5BC5-74B3-41B4-A049-0CEE0AAF5C78}.Debug|Any CPU.ActiveCfg = Debug|Any CPU
		{54AA5BC5-74B3-41B4-A049-0CEE0AAF5C78}.Debug|Any CPU.Build.0 = Debug|Any CPU
		{54AA5BC5-74B3-41B4-A049-0CEE0AAF5C78}.Debug|iPhone.ActiveCfg = Debug|Any CPU
		{54AA5BC5-74B3-41B4-A049-0CEE0AAF5C78}.Debug|iPhone.Build.0 = Debug|Any CPU
		{54AA5BC5-74B3-41B4-A049-0CEE0AAF5C78}.Debug|iPhoneSimulator.ActiveCfg = Debug|Any CPU
		{54AA5BC5-74B3-41B4-A049-0CEE0AAF5C78}.Debug|iPhoneSimulator.Build.0 = Debug|Any CPU
		{54AA5BC5-74B3-41B4-A049-0CEE0AAF5C78}.Release|Any CPU.ActiveCfg = Release|Any CPU
		{54AA5BC5-74B3-41B4-A049-0CEE0AAF5C78}.Release|Any CPU.Build.0 = Release|Any CPU
		{54AA5BC5-74B3-41B4-A049-0CEE0AAF5C78}.Release|iPhone.ActiveCfg = Release|Any CPU
		{54AA5BC5-74B3-41B4-A049-0CEE0AAF5C78}.Release|iPhone.Build.0 = Release|Any CPU
		{54AA5BC5-74B3-41B4-A049-0CEE0AAF5C78}.Release|iPhoneSimulator.ActiveCfg = Release|Any CPU
		{54AA5BC5-74B3-41B4-A049-0CEE0AAF5C78}.Release|iPhoneSimulator.Build.0 = Release|Any CPU
		{06F85430-E200-4A79-ABD2-10C67F6B8E3A}.Ad-Hoc|Any CPU.ActiveCfg = Debug|Any CPU
		{06F85430-E200-4A79-ABD2-10C67F6B8E3A}.Ad-Hoc|Any CPU.Build.0 = Debug|Any CPU
		{06F85430-E200-4A79-ABD2-10C67F6B8E3A}.Ad-Hoc|Any CPU.Deploy.0 = Debug|Any CPU
		{06F85430-E200-4A79-ABD2-10C67F6B8E3A}.Ad-Hoc|iPhone.ActiveCfg = Debug|Any CPU
		{06F85430-E200-4A79-ABD2-10C67F6B8E3A}.Ad-Hoc|iPhone.Build.0 = Debug|Any CPU
		{06F85430-E200-4A79-ABD2-10C67F6B8E3A}.Ad-Hoc|iPhone.Deploy.0 = Debug|Any CPU
		{06F85430-E200-4A79-ABD2-10C67F6B8E3A}.Ad-Hoc|iPhoneSimulator.ActiveCfg = Debug|Any CPU
		{06F85430-E200-4A79-ABD2-10C67F6B8E3A}.Ad-Hoc|iPhoneSimulator.Build.0 = Debug|Any CPU
		{06F85430-E200-4A79-ABD2-10C67F6B8E3A}.Ad-Hoc|iPhoneSimulator.Deploy.0 = Debug|Any CPU
		{06F85430-E200-4A79-ABD2-10C67F6B8E3A}.AppStore|Any CPU.ActiveCfg = Debug|Any CPU
		{06F85430-E200-4A79-ABD2-10C67F6B8E3A}.AppStore|Any CPU.Build.0 = Debug|Any CPU
		{06F85430-E200-4A79-ABD2-10C67F6B8E3A}.AppStore|Any CPU.Deploy.0 = Debug|Any CPU
		{06F85430-E200-4A79-ABD2-10C67F6B8E3A}.AppStore|iPhone.ActiveCfg = Debug|Any CPU
		{06F85430-E200-4A79-ABD2-10C67F6B8E3A}.AppStore|iPhone.Build.0 = Debug|Any CPU
		{06F85430-E200-4A79-ABD2-10C67F6B8E3A}.AppStore|iPhone.Deploy.0 = Debug|Any CPU
		{06F85430-E200-4A79-ABD2-10C67F6B8E3A}.AppStore|iPhoneSimulator.ActiveCfg = Debug|Any CPU
		{06F85430-E200-4A79-ABD2-10C67F6B8E3A}.AppStore|iPhoneSimulator.Build.0 = Debug|Any CPU
		{06F85430-E200-4A79-ABD2-10C67F6B8E3A}.AppStore|iPhoneSimulator.Deploy.0 = Debug|Any CPU
		{06F85430-E200-4A79-ABD2-10C67F6B8E3A}.Debug|Any CPU.ActiveCfg = Debug|Any CPU
		{06F85430-E200-4A79-ABD2-10C67F6B8E3A}.Debug|Any CPU.Build.0 = Debug|Any CPU
		{06F85430-E200-4A79-ABD2-10C67F6B8E3A}.Debug|Any CPU.Deploy.0 = Debug|Any CPU
		{06F85430-E200-4A79-ABD2-10C67F6B8E3A}.Debug|iPhone.ActiveCfg = Debug|Any CPU
		{06F85430-E200-4A79-ABD2-10C67F6B8E3A}.Debug|iPhone.Build.0 = Debug|Any CPU
		{06F85430-E200-4A79-ABD2-10C67F6B8E3A}.Debug|iPhone.Deploy.0 = Debug|Any CPU
		{06F85430-E200-4A79-ABD2-10C67F6B8E3A}.Debug|iPhoneSimulator.ActiveCfg = Debug|Any CPU
		{06F85430-E200-4A79-ABD2-10C67F6B8E3A}.Debug|iPhoneSimulator.Build.0 = Debug|Any CPU
		{06F85430-E200-4A79-ABD2-10C67F6B8E3A}.Debug|iPhoneSimulator.Deploy.0 = Debug|Any CPU
		{06F85430-E200-4A79-ABD2-10C67F6B8E3A}.Release|Any CPU.ActiveCfg = Release|Any CPU
		{06F85430-E200-4A79-ABD2-10C67F6B8E3A}.Release|Any CPU.Build.0 = Release|Any CPU
		{06F85430-E200-4A79-ABD2-10C67F6B8E3A}.Release|Any CPU.Deploy.0 = Release|Any CPU
		{06F85430-E200-4A79-ABD2-10C67F6B8E3A}.Release|iPhone.ActiveCfg = Release|Any CPU
		{06F85430-E200-4A79-ABD2-10C67F6B8E3A}.Release|iPhone.Build.0 = Release|Any CPU
		{06F85430-E200-4A79-ABD2-10C67F6B8E3A}.Release|iPhone.Deploy.0 = Release|Any CPU
		{06F85430-E200-4A79-ABD2-10C67F6B8E3A}.Release|iPhoneSimulator.ActiveCfg = Release|Any CPU
		{06F85430-E200-4A79-ABD2-10C67F6B8E3A}.Release|iPhoneSimulator.Build.0 = Release|Any CPU
		{06F85430-E200-4A79-ABD2-10C67F6B8E3A}.Release|iPhoneSimulator.Deploy.0 = Release|Any CPU
		{A0B12D63-16FB-4E09-B830-DE9C19D07834}.Ad-Hoc|Any CPU.ActiveCfg = Ad-Hoc|iPhoneSimulator
		{A0B12D63-16FB-4E09-B830-DE9C19D07834}.Ad-Hoc|Any CPU.Build.0 = Ad-Hoc|iPhoneSimulator
		{A0B12D63-16FB-4E09-B830-DE9C19D07834}.Ad-Hoc|iPhone.ActiveCfg = Ad-Hoc|iPhone
		{A0B12D63-16FB-4E09-B830-DE9C19D07834}.Ad-Hoc|iPhone.Build.0 = Ad-Hoc|iPhone
		{A0B12D63-16FB-4E09-B830-DE9C19D07834}.Ad-Hoc|iPhoneSimulator.ActiveCfg = Ad-Hoc|iPhoneSimulator
		{A0B12D63-16FB-4E09-B830-DE9C19D07834}.Ad-Hoc|iPhoneSimulator.Build.0 = Ad-Hoc|iPhoneSimulator
		{A0B12D63-16FB-4E09-B830-DE9C19D07834}.AppStore|Any CPU.ActiveCfg = AppStore|iPhoneSimulator
		{A0B12D63-16FB-4E09-B830-DE9C19D07834}.AppStore|Any CPU.Build.0 = AppStore|iPhoneSimulator
		{A0B12D63-16FB-4E09-B830-DE9C19D07834}.AppStore|iPhone.ActiveCfg = AppStore|iPhone
		{A0B12D63-16FB-4E09-B830-DE9C19D07834}.AppStore|iPhone.Build.0 = AppStore|iPhone
		{A0B12D63-16FB-4E09-B830-DE9C19D07834}.AppStore|iPhoneSimulator.ActiveCfg = AppStore|iPhoneSimulator
		{A0B12D63-16FB-4E09-B830-DE9C19D07834}.AppStore|iPhoneSimulator.Build.0 = AppStore|iPhoneSimulator
		{A0B12D63-16FB-4E09-B830-DE9C19D07834}.Debug|Any CPU.ActiveCfg = Debug|iPhoneSimulator
		{A0B12D63-16FB-4E09-B830-DE9C19D07834}.Debug|Any CPU.Build.0 = Debug|iPhoneSimulator
		{A0B12D63-16FB-4E09-B830-DE9C19D07834}.Debug|iPhone.ActiveCfg = Debug|iPhone
		{A0B12D63-16FB-4E09-B830-DE9C19D07834}.Debug|iPhone.Build.0 = Debug|iPhone
		{A0B12D63-16FB-4E09-B830-DE9C19D07834}.Debug|iPhoneSimulator.ActiveCfg = Debug|iPhoneSimulator
		{A0B12D63-16FB-4E09-B830-DE9C19D07834}.Debug|iPhoneSimulator.Build.0 = Debug|iPhoneSimulator
		{A0B12D63-16FB-4E09-B830-DE9C19D07834}.Release|Any CPU.ActiveCfg = Release|iPhoneSimulator
		{A0B12D63-16FB-4E09-B830-DE9C19D07834}.Release|Any CPU.Build.0 = Release|iPhoneSimulator
		{A0B12D63-16FB-4E09-B830-DE9C19D07834}.Release|iPhone.ActiveCfg = Release|iPhone
		{A0B12D63-16FB-4E09-B830-DE9C19D07834}.Release|iPhone.Build.0 = Release|iPhone
		{A0B12D63-16FB-4E09-B830-DE9C19D07834}.Release|iPhoneSimulator.ActiveCfg = Release|iPhoneSimulator
		{A0B12D63-16FB-4E09-B830-DE9C19D07834}.Release|iPhoneSimulator.Build.0 = Release|iPhoneSimulator
	EndGlobalSection
	GlobalSection(SolutionProperties) = preSolution
		HideSolutionNode = FALSE
	EndGlobalSection
	GlobalSection(ExtensibilityGlobals) = postSolution
		SolutionGuid = {15137941-1454-4E01-B47C-0F3F69A0CCA5}
	EndGlobalSection
EndGlobal
